# This file is automatically @generated by Cargo.
# It is not intended for manual editing.
version = 4

[[package]]
name = "ai-skills-agents"
version = "0.1.0"
dependencies = [
 "ai-skills-core",
]

[[package]]
name = "ai-skills-cli"
version = "0.1.0"
dependencies = [
 "ai-skills-mcp",
 "ai-skills-sync",
 "ai-skills-web",
]

[[package]]
name = "ai-skills-core"
version = "0.1.0"

[[package]]
name = "ai-skills-library"
version = "0.1.0"
dependencies = [
 "ai-skills-core",
]

[[package]]
name = "ai-skills-llm"
version = "0.1.0"
dependencies = [
 "ai-skills-core",
]

[[package]]
name = "ai-skills-mcp"
version = "0.1.0"
dependencies = [
 "ai-skills-core",
]

[[package]]
name = "ai-skills-review"
version = "0.1.0"
dependencies = [
 "ai-skills-core",
]

[[package]]
name = "ai-skills-search"
version = "0.1.0"
dependencies = [
 "ai-skills-core",
]

[[package]]
name = "ai-skills-source"
version = "0.1.0"
dependencies = [
 "ai-skills-core",
]

[[package]]
name = "ai-skills-store"
version = "0.1.0"
dependencies = [
 "ai-skills-core",
]

[[package]]
name = "ai-skills-sync"
version = "0.1.0"
dependencies = [
 "ai-skills-core",
]

[[package]]
name = "ai-skills-web"
version = "0.1.0"
dependencies = [
 "ai-skills-core",
]
